
Microsoft Visual Studio Solution File, Format Version 12.00
# Visual Studio Version 17
VisualStudioVersion = 17.1.32328.378
MinimumVisualStudioVersion = 10.0.40219.1
Project("{FAE04EC0-301F-11D3-BF4B-00C04F79EFBC}") = "BookMyShow", "BookMyShow.csproj", "{DDC42704-7CAF-4FE8-A16D-92809E59A730}"
EndProject
Global
	GlobalSection(SolutionConfigurationPlatforms) = preSolution
		Debug|Any CPU = Debug|Any CPU
		Release|Any CPU = Release|Any CPU
	EndGlobalSection
	GlobalSection(ProjectConfigurationPlatforms) = postSolution
		{DDC42704-7CAF-4FE8-A16D-92809E59A730}.Debug|Any CPU.ActiveCfg = Debug|Any CPU
		{DDC42704-7CAF-4FE8-A16D-92809E59A730}.Debug|Any CPU.Build.0 = Debug|Any CPU
		{DDC42704-7CAF-4FE8-A16D-92809E59A730}.Release|Any CPU.ActiveCfg = Release|Any CPU
		{DDC42704-7CAF-4FE8-A16D-92809E59A730}.Release|Any CPU.Build.0 = Release|Any CPU
	EndGlobalSection
	GlobalSection(SolutionProperties) = preSolution
		HideSolutionNode = FALSE
	EndGlobalSection
	GlobalSection(ExtensibilityGlobals) = postSolution
		SolutionGuid = {7011FDDD-6F67-42F3-94B3-4CF42DDEA342}
	EndGlobalSection
EndGlobal
